
Microsoft Visual Studio Solution File, Format Version 12.00
# Visual Studio Version 17
VisualStudioVersion = 17.8.34408.163
MinimumVisualStudioVersion = 10.0.40219.1
Project("{8BC9CEB8-8B4A-11D0-8D11-00A0C91BC942}") = "Leopard_Web", "Leopard_Web.vcxproj", "{7B25BC18-A908-4296-AA10-4EFC2009933B}"
EndProject
Global
	GlobalSection(SolutionConfigurationPlatforms) = preSolution
		Debug|x64 = Debug|x64
		Debug|x86 = Debug|x86
		Release|x64 = Release|x64
		Release|x86 = Release|x86
	EndGlobalSection
	GlobalSection(ProjectConfigurationPlatforms) = postSolution
		{7B25BC18-A908-4296-AA10-4EFC2009933B}.Debug|x64.ActiveCfg = Debug|x64
		{7B25BC18-A908-4296-AA10-4EFC2009933B}.Debug|x64.Build.0 = Debug|x64
		{7B25BC18-A908-4296-AA10-4EFC2009933B}.Debug|x86.ActiveCfg = Debug|Win32
		{7B25BC18-A908-4296-AA10-4EFC2009933B}.Debug|x86.Build.0 = Debug|Win32
		{7B25BC18-A908-4296-AA10-4EFC2009933B}.Release|x64.ActiveCfg = Release|x64
		{7B25BC18-A908-4296-AA10-4EFC2009933B}.Release|x64.Build.0 = Release|x64
		{7B25BC18-A908-4296-AA10-4EFC2009933B}.Release|x86.ActiveCfg = Release|Win32
		{7B25BC18-A908-4296-AA10-4EFC2009933B}.Release|x86.Build.0 = Release|Win32
	EndGlobalSection
	GlobalSection(SolutionProperties) = preSolution
		HideSolutionNode = FALSE
	EndGlobalSection
	GlobalSection(ExtensibilityGlobals) = postSolution
		SolutionGuid = {21B75CE3-E520-4A03-BEC1-83E8CDA80B07}
	EndGlobalSection
EndGlobal
